// !$*UTF8*$!
{
	archiveVersion = 1;
	classes = {
	};
	objectVersion = 46;
	objects = {

/* Begin PBXBuildFile section */
		66BBE1CA14D9E127007A8B68 /* JRSwizzle.m in Sources */ = {isa = PBXBuildFile; fileRef = 66BBE1C314D9E127007A8B68 /* JRSwizzle.m */; };
		66BBE1CB14D9E127007A8B68 /* TREnhancements.m in Sources */ = {isa = PBXBuildFile; fileRef = 66BBE1C514D9E127007A8B68 /* TREnhancements.m */; };
		66BBE1CC14D9E127007A8B68 /* TRPeriodicSave.m in Sources */ = {isa = PBXBuildFile; fileRef = 66BBE1C714D9E127007A8B68 /* TRPeriodicSave.m */; };
		66EFCB0714D3D6CC0030611B /* Cocoa.framework in Frameworks */ = {isa = PBXBuildFile; fileRef = 66EFCB0614D3D6CC0030611B /* Cocoa.framework */; };
/* End PBXBuildFile section */

/* Begin PBXFileReference section */
		662C1B2B14D1BD47000C69A2 /* TREnhancements.bundle */ = {isa = PBXFileReference; explicitFileType = wrapper.cfbundle; includeInIndex = 0; path = TREnhancements.bundle; sourceTree = BUILT_PRODUCTS_DIR; };
		66BBE1C114D9E127007A8B68 /* Info.plist */ = {isa = PBXFileReference; fileEncoding = 4; lastKnownFileType = text.plist.xml; name = Info.plist; path = TREnhancements/Info.plist; sourceTree = SOURCE_ROOT; };
		66BBE1C214D9E127007A8B68 /* JRSwizzle.h */ = {isa = PBXFileReference; fileEncoding = 4; lastKnownFileType = sourcecode.c.h; name = JRSwizzle.h; path = TREnhancements/JRSwizzle.h; sourceTree = SOURCE_ROOT; };
		66BBE1C314D9E127007A8B68 /* JRSwizzle.m */ = {isa = PBXFileReference; fileEncoding = 4; lastKnownFileType = sourcecode.c.objc; name = JRSwizzle.m; path = TREnhancements/JRSwizzle.m; sourceTree = SOURCE_ROOT; };
		66BBE1C414D9E127007A8B68 /* TREnhancements-Prefix.pch */ = {isa = PBXFileReference; fileEncoding = 4; lastKnownFileType = sourcecode.c.h; name = "TREnhancements-Prefix.pch"; path = "TREnhancements/TREnhancements-Prefix.pch"; sourceTree = SOURCE_ROOT; };
		66BBE1C514D9E127007A8B68 /* TREnhancements.m */ = {isa = PBXFileReference; fileEncoding = 4; lastKnownFileType = sourcecode.c.objc; name = TREnhancements.m; path = TREnhancements/TREnhancements.m; sourceTree = SOURCE_ROOT; };
		66BBE1C614D9E127007A8B68 /* TRPeriodicSave.h */ = {isa = PBXFileReference; fileEncoding = 4; lastKnownFileType = sourcecode.c.h; name = TRPeriodicSave.h; path = TREnhancements/TRPeriodicSave.h; sourceTree = SOURCE_ROOT; };
		66BBE1C714D9E127007A8B68 /* TRPeriodicSave.m */ = {isa = PBXFileReference; fileEncoding = 4; lastKnownFileType = sourcecode.c.objc; name = TRPeriodicSave.m; path = TREnhancements/TRPeriodicSave.m; sourceTree = SOURCE_ROOT; };
		66EFCB0614D3D6CC0030611B /* Cocoa.framework */ = {isa = PBXFileReference; lastKnownFileType = wrapper.framework; name = Cocoa.framework; path = System/Library/Frameworks/Cocoa.framework; sourceTree = SDKROOT; };
/* End PBXFileReference section */

/* Begin PBXFrameworksBuildPhase section */
		662C1B2814D1BD47000C69A2 /* Frameworks */ = {
			isa = PBXFrameworksBuildPhase;
			buildActionMask = 2147483647;
			files = (
				66EFCB0714D3D6CC0030611B /* Cocoa.framework in Frameworks */,
			);
			runOnlyForDeploymentPostprocessing = 0;
		};
/* End PBXFrameworksBuildPhase section */

/* Begin PBXGroup section */
		662C1B2014D1BD47000C69A2 = {
			isa = PBXGroup;
			children = (
				662C1B3414D1BD47000C69A2 /* TREnhancements */,
				662C1B2D14D1BD47000C69A2 /* Frameworks */,
				662C1B2C14D1BD47000C69A2 /* Products */,
			);
			sourceTree = "<group>";
		};
		662C1B2C14D1BD47000C69A2 /* Products */ = {
			isa = PBXGroup;
			children = (
				662C1B2B14D1BD47000C69A2 /* TREnhancements.bundle */,
			);
			name = Products;
			sourceTree = "<group>";
		};
		662C1B2D14D1BD47000C69A2 /* Frameworks */ = {
			isa = PBXGroup;
			children = (
				66EFCB0614D3D6CC0030611B /* Cocoa.framework */,
			);
			name = Frameworks;
			sourceTree = "<group>";
		};
		662C1B3414D1BD47000C69A2 /* TREnhancements */ = {
			isa = PBXGroup;
			children = (
				66BBE1C114D9E127007A8B68 /* Info.plist */,
				66BBE1C214D9E127007A8B68 /* JRSwizzle.h */,
				66BBE1C314D9E127007A8B68 /* JRSwizzle.m */,
				66BBE1C414D9E127007A8B68 /* TREnhancements-Prefix.pch */,
				66BBE1C514D9E127007A8B68 /* TREnhancements.m */,
				66BBE1C614D9E127007A8B68 /* TRPeriodicSave.h */,
				66BBE1C714D9E127007A8B68 /* TRPeriodicSave.m */,
			);
			name = TREnhancements;
			path = TRPeriodicSave;
			sourceTree = "<group>";
		};
/* End PBXGroup section */

/* Begin PBXNativeTarget section */
		662C1B2A14D1BD47000C69A2 /* TREnhancements */ = {
			isa = PBXNativeTarget;
			buildConfigurationList = 662C1B3D14D1BD47000C69A2 /* Build configuration list for PBXNativeTarget "TREnhancements" */;
			buildPhases = (
				662C1B2714D1BD47000C69A2 /* Sources */,
				662C1B2814D1BD47000C69A2 /* Frameworks */,
				662C1B2914D1BD47000C69A2 /* Resources */,
			);
			buildRules = (
			);
			dependencies = (
			);
			name = TREnhancements;
			productName = TRPeriodicSave;
			productReference = 662C1B2B14D1BD47000C69A2 /* TREnhancements.bundle */;
			productType = "com.apple.product-type.bundle";
		};
/* End PBXNativeTarget section */

/* Begin PBXProject section */
		662C1B2214D1BD47000C69A2 /* Project object */ = {
			isa = PBXProject;
			attributes = {
				LastUpgradeCheck = 0420;
				ORGANIZATIONNAME = "Connex Keysolutions Inc.";
			};
			buildConfigurationList = 662C1B2514D1BD47000C69A2 /* Build configuration list for PBXProject "TREnhancements" */;
			compatibilityVersion = "Xcode 3.2";
			developmentRegion = English;
			hasScannedForEncodings = 0;
			knownRegions = (
				en,
			);
			mainGroup = 662C1B2014D1BD47000C69A2;
			productRefGroup = 662C1B2C14D1BD47000C69A2 /* Products */;
			projectDirPath = "";
			projectRoot = "";
			targets = (
				662C1B2A14D1BD47000C69A2 /* TREnhancements */,
			);
		};
/* End PBXProject section */

/* Begin PBXResourcesBuildPhase section */
		662C1B2914D1BD47000C69A2 /* Resources */ = {
			isa = PBXResourcesBuildPhase;
			buildActionMask = 2147483647;
			files = (
			);
			runOnlyForDeploymentPostprocessing = 0;
		};
/* End PBXResourcesBuildPhase section */

/* Begin PBXSourcesBuildPhase section */
		662C1B2714D1BD47000C69A2 /* Sources */ = {
			isa = PBXSourcesBuildPhase;
			buildActionMask = 2147483647;
			files = (
				66BBE1CA14D9E127007A8B68 /* JRSwizzle.m in Sources */,
				66BBE1CB14D9E127007A8B68 /* TREnhancements.m in Sources */,
				66BBE1CC14D9E127007A8B68 /* TRPeriodicSave.m in Sources */,
			);
			runOnlyForDeploymentPostprocessing = 0;
		};
/* End PBXSourcesBuildPhase section */

/* Begin XCBuildConfiguration section */
		662C1B3B14D1BD47000C69A2 /* Debug */ = {
			isa = XCBuildConfiguration;
			buildSettings = {
				ALWAYS_SEARCH_USER_PATHS = NO;
				ARCHS = "$(ARCHS_STANDARD_64_BIT)";
				COPY_PHASE_STRIP = NO;
				GCC_C_LANGUAGE_STANDARD = gnu99;
				GCC_DYNAMIC_NO_PIC = NO;
				GCC_ENABLE_OBJC_EXCEPTIONS = YES;
				GCC_OPTIMIZATION_LEVEL = 0;
				GCC_PREPROCESSOR_DEFINITIONS = (
					"DEBUG=1",
					"$(inherited)",
				);
				GCC_SYMBOLS_PRIVATE_EXTERN = NO;
				GCC_VERSION = com.apple.compilers.llvm.clang.1_0;
				GCC_WARN_64_TO_32_BIT_CONVERSION = YES;
				GCC_WARN_ABOUT_MISSING_PROTOTYPES = YES;
				GCC_WARN_ABOUT_RETURN_TYPE = YES;
				GCC_WARN_UNUSED_VARIABLE = YES;
				MACOSX_DEPLOYMENT_TARGET = 10.6;
				ONLY_ACTIVE_ARCH = YES;
				SDKROOT = macosx;
			};
			name = Debug;
		};
		662C1B3C14D1BD47000C69A2 /* Release */ = {
			isa = XCBuildConfiguration;
			buildSettings = {
				ALWAYS_SEARCH_USER_PATHS = NO;
				ARCHS = "$(ARCHS_STANDARD_64_BIT)";
				COPY_PHASE_STRIP = YES;
				DEBUG_INFORMATION_FORMAT = "dwarf-with-dsym";
				GCC_C_LANGUAGE_STANDARD = gnu99;
				GCC_ENABLE_OBJC_EXCEPTIONS = YES;
				GCC_VERSION = com.apple.compilers.llvm.clang.1_0;
				GCC_WARN_64_TO_32_BIT_CONVERSION = YES;
				GCC_WARN_ABOUT_MISSING_PROTOTYPES = YES;
				GCC_WARN_ABOUT_RETURN_TYPE = YES;
				GCC_WARN_UNUSED_VARIABLE = YES;
				MACOSX_DEPLOYMENT_TARGET = 10.6;
				SDKROOT = macosx;
			};
			name = Release;
		};
		662C1B3E14D1BD47000C69A2 /* Debug */ = {
			isa = XCBuildConfiguration;
			buildSettings = {
				ARCHS = "$(ARCHS_STANDARD_64_BIT)";
				BUNDLE_LOADER = "";
				GCC_ENABLE_OBJC_GC = required;
				GCC_PRECOMPILE_PREFIX_HEADER = YES;
				GCC_PREFIX_HEADER = "TREnhancements/TREnhancements-Prefix.pch";
				INFOPLIST_FILE = TREnhancements/Info.plist;
				INSTALL_PATH = "$(LOCAL_LIBRARY_DIR)/Bundles";
				OTHER_LDFLAGS = "";
				PRODUCT_NAME = TREnhancements;
				WRAPPER_EXTENSION = bundle;
			};
			name = Debug;
		};
		662C1B3F14D1BD47000C69A2 /* Release */ = {
			isa = XCBuildConfiguration;
			buildSettings = {
				ARCHS = "$(ARCHS_STANDARD_64_BIT)";
				BUNDLE_LOADER = "";
				GCC_ENABLE_OBJC_GC = required;
				GCC_PRECOMPILE_PREFIX_HEADER = YES;
				GCC_PREFIX_HEADER = "TREnhancements/TREnhancements-Prefix.pch";
				INFOPLIST_FILE = TREnhancements/Info.plist;
				INSTALL_PATH = "$(LOCAL_LIBRARY_DIR)/Bundles";
				OTHER_LDFLAGS = "";
				PRODUCT_NAME = TREnhancements;
				WRAPPER_EXTENSION = bundle;
			};
			name = Release;
		};
/* End XCBuildConfiguration section */

/* Begin XCConfigurationList section */
		662C1B2514D1BD47000C69A2 /* Build configuration list for PBXProject "TREnhancements" */ = {
			isa = XCConfigurationList;
			buildConfigurations = (
				662C1B3B14D1BD47000C69A2 /* Debug */,
				662C1B3C14D1BD47000C69A2 /* Release */,
			);
			defaultConfigurationIsVisible = 0;
			defaultConfigurationName = Release;
		};
		662C1B3D14D1BD47000C69A2 /* Build configuration list for PBXNativeTarget "TREnhancements" */ = {
			isa = XCConfigurationList;
			buildConfigurations = (
				662C1B3E14D1BD47000C69A2 /* Debug */,
				662C1B3F14D1BD47000C69A2 /* Release */,
			);
			defaultConfigurationIsVisible = 0;
			defaultConfigurationName = Release;
		};
/* End XCConfigurationList section */
	};
	rootObject = 662C1B2214D1BD47000C69A2 /* Project object */;
}
